
Microsoft Visual Studio Solution File, Format Version 12.00
# Visual Studio 14
VisualStudioVersion = 14.0.25420.1
MinimumVisualStudioVersion = 10.0.40219.1
Project("{FAE04EC0-301F-11D3-BF4B-00C04F79EFBC}") = "CudaTest", "CudaTest\CudaTest\CudaTest.csproj", "{EC627420-4759-4F3A-A04B-07B316DB01C6}"
EndProject
Project("{8BC9CEB8-8B4A-11D0-8D11-00A0C91BC942}") = "CudaTest_CUDA", "CudaTest\CudaTest_CUDA\CudaTest_CUDA.vcxproj", "{AD1C6675-2EA4-4F68-8C8D-A0CD98EE8CBF}"
EndProject
Global
	GlobalSection(SolutionConfigurationPlatforms) = preSolution
		Debug|x64 = Debug|x64
		Release|x64 = Release|x64
	EndGlobalSection
	GlobalSection(ProjectConfigurationPlatforms) = postSolution
		{EC627420-4759-4F3A-A04B-07B316DB01C6}.Debug|x64.ActiveCfg = Debug|x64
		{EC627420-4759-4F3A-A04B-07B316DB01C6}.Debug|x64.Build.0 = Debug|x64
		{EC627420-4759-4F3A-A04B-07B316DB01C6}.Release|x64.ActiveCfg = Release|x64
		{EC627420-4759-4F3A-A04B-07B316DB01C6}.Release|x64.Build.0 = Release|x64
		{AD1C6675-2EA4-4F68-8C8D-A0CD98EE8CBF}.Debug|x64.ActiveCfg = Debug|x64
		{AD1C6675-2EA4-4F68-8C8D-A0CD98EE8CBF}.Debug|x64.Build.0 = Debug|x64
		{AD1C6675-2EA4-4F68-8C8D-A0CD98EE8CBF}.Release|x64.ActiveCfg = Release|x64
		{AD1C6675-2EA4-4F68-8C8D-A0CD98EE8CBF}.Release|x64.Build.0 = Release|x64
	EndGlobalSection
	GlobalSection(SolutionProperties) = preSolution
		HideSolutionNode = FALSE
	EndGlobalSection
EndGlobal
